
Microsoft Visual Studio Solution File, Format Version 12.00
# Visual Studio Version 16
VisualStudioVersion = 16.0.30002.166
MinimumVisualStudioVersion = 10.0.40219.1
Project("{9A19103F-16F7-4668-BE54-9A1E7A4F7556}") = "ImageTool", "ImageTool\ImageTool.csproj", "{2879183D-5EAD-4F36-9874-2A24A04185C2}"
EndProject
Project("{00D1A9C2-B5F0-4AF3-8072-F6C62B433612}") = "SQLDatabase", "SQLDatabase\SQLDatabase.sqlproj", "{9325C726-1675-411E-94FF-7501C0C257CD}"
EndProject
Project("{FAE04EC0-301F-11D3-BF4B-00C04F79EFBC}") = "ImageTool.Tests", "ImageTool.Tests\ImageTool.Tests.csproj", "{276B1AF5-9CE3-4D49-B0D7-75F9A480EED7}"
EndProject
Global
	GlobalSection(SolutionConfigurationPlatforms) = preSolution
		Debug|Any CPU = Debug|Any CPU
		Release|Any CPU = Release|Any CPU
	EndGlobalSection
	GlobalSection(ProjectConfigurationPlatforms) = postSolution
		{2879183D-5EAD-4F36-9874-2A24A04185C2}.Debug|Any CPU.ActiveCfg = Debug|Any CPU
		{2879183D-5EAD-4F36-9874-2A24A04185C2}.Debug|Any CPU.Build.0 = Debug|Any CPU
		{2879183D-5EAD-4F36-9874-2A24A04185C2}.Release|Any CPU.ActiveCfg = Release|Any CPU
		{2879183D-5EAD-4F36-9874-2A24A04185C2}.Release|Any CPU.Build.0 = Release|Any CPU
		{9325C726-1675-411E-94FF-7501C0C257CD}.Debug|Any CPU.ActiveCfg = Debug|Any CPU
		{9325C726-1675-411E-94FF-7501C0C257CD}.Debug|Any CPU.Build.0 = Debug|Any CPU
		{9325C726-1675-411E-94FF-7501C0C257CD}.Debug|Any CPU.Deploy.0 = Debug|Any CPU
		{9325C726-1675-411E-94FF-7501C0C257CD}.Release|Any CPU.ActiveCfg = Release|Any CPU
		{9325C726-1675-411E-94FF-7501C0C257CD}.Release|Any CPU.Build.0 = Release|Any CPU
		{9325C726-1675-411E-94FF-7501C0C257CD}.Release|Any CPU.Deploy.0 = Release|Any CPU
		{276B1AF5-9CE3-4D49-B0D7-75F9A480EED7}.Debug|Any CPU.ActiveCfg = Debug|Any CPU
		{276B1AF5-9CE3-4D49-B0D7-75F9A480EED7}.Debug|Any CPU.Build.0 = Debug|Any CPU
		{276B1AF5-9CE3-4D49-B0D7-75F9A480EED7}.Release|Any CPU.ActiveCfg = Release|Any CPU
		{276B1AF5-9CE3-4D49-B0D7-75F9A480EED7}.Release|Any CPU.Build.0 = Release|Any CPU
	EndGlobalSection
	GlobalSection(SolutionProperties) = preSolution
		HideSolutionNode = FALSE
	EndGlobalSection
	GlobalSection(ExtensibilityGlobals) = postSolution
		SolutionGuid = {80846C55-8C15-47DD-A7A8-BF52231DEC14}
	EndGlobalSection
EndGlobal
